// !$*UTF8*$!
{
	archiveVersion = 1;
	classes = {
	};
	objectVersion = 55;
	objects = {

/* Begin PBXBuildFile section */
		853A7223283C245900B1A97F /* TetaLab_TestApp.swift in Sources */ = {isa = PBXBuildFile; fileRef = 853A7222283C245900B1A97F /* TetaLab_TestApp.swift */; };
		853A7225283C245900B1A97F /* ContentView.swift in Sources */ = {isa = PBXBuildFile; fileRef = 853A7224283C245900B1A97F /* ContentView.swift */; };
		853A7227283C246100B1A97F /* Assets.xcassets in Resources */ = {isa = PBXBuildFile; fileRef = 853A7226283C246100B1A97F /* Assets.xcassets */; };
		853A722A283C246100B1A97F /* Preview Assets.xcassets in Resources */ = {isa = PBXBuildFile; fileRef = 853A7229283C246100B1A97F /* Preview Assets.xcassets */; };
		853A7231283C281A00B1A97F /* MainListCell.swift in Sources */ = {isa = PBXBuildFile; fileRef = 853A7230283C281A00B1A97F /* MainListCell.swift */; };
		853A7233283CFBFD00B1A97F /* NetworkManager.swift in Sources */ = {isa = PBXBuildFile; fileRef = 853A7232283CFBFD00B1A97F /* NetworkManager.swift */; };
		853A7235283CFF5B00B1A97F /* DataModel.swift in Sources */ = {isa = PBXBuildFile; fileRef = 853A7234283CFF5B00B1A97F /* DataModel.swift */; };
		853A7239283D07F800B1A97F /* ViewModel.swift in Sources */ = {isa = PBXBuildFile; fileRef = 853A7238283D07F800B1A97F /* ViewModel.swift */; };
		853A723B283D212E00B1A97F /* TimeAdapter.swift in Sources */ = {isa = PBXBuildFile; fileRef = 853A723A283D212E00B1A97F /* TimeAdapter.swift */; };
		9B4A7E00183878C5DC55CF3C /* Pods_TetaLab_Test.framework in Frameworks */ = {isa = PBXBuildFile; fileRef = C38D727E68DAD820FB692384 /* Pods_TetaLab_Test.framework */; };
/* End PBXBuildFile section */

/* Begin PBXFileReference section */
		05051263AF808FE50DAF7D63 /* Pods-TetaLab Test.debug.xcconfig */ = {isa = PBXFileReference; includeInIndex = 1; lastKnownFileType = text.xcconfig; name = "Pods-TetaLab Test.debug.xcconfig"; path = "Target Support Files/Pods-TetaLab Test/Pods-TetaLab Test.debug.xcconfig"; sourceTree = "<group>"; };
		853A721F283C245900B1A97F /* TetaLab Test.app */ = {isa = PBXFileReference; explicitFileType = wrapper.application; includeInIndex = 0; path = "TetaLab Test.app"; sourceTree = BUILT_PRODUCTS_DIR; };
		853A7222283C245900B1A97F /* TetaLab_TestApp.swift */ = {isa = PBXFileReference; lastKnownFileType = sourcecode.swift; path = TetaLab_TestApp.swift; sourceTree = "<group>"; };
		853A7224283C245900B1A97F /* ContentView.swift */ = {isa = PBXFileReference; lastKnownFileType = sourcecode.swift; path = ContentView.swift; sourceTree = "<group>"; };
		853A7226283C246100B1A97F /* Assets.xcassets */ = {isa = PBXFileReference; lastKnownFileType = folder.assetcatalog; path = Assets.xcassets; sourceTree = "<group>"; };
		853A7229283C246100B1A97F /* Preview Assets.xcassets */ = {isa = PBXFileReference; lastKnownFileType = folder.assetcatalog; path = "Preview Assets.xcassets"; sourceTree = "<group>"; };
		853A7230283C281A00B1A97F /* MainListCell.swift */ = {isa = PBXFileReference; lastKnownFileType = sourcecode.swift; path = MainListCell.swift; sourceTree = "<group>"; };
		853A7232283CFBFD00B1A97F /* NetworkManager.swift */ = {isa = PBXFileReference; lastKnownFileType = sourcecode.swift; path = NetworkManager.swift; sourceTree = "<group>"; };
		853A7234283CFF5B00B1A97F /* DataModel.swift */ = {isa = PBXFileReference; lastKnownFileType = sourcecode.swift; path = DataModel.swift; sourceTree = "<group>"; };
		853A7238283D07F800B1A97F /* ViewModel.swift */ = {isa = PBXFileReference; lastKnownFileType = sourcecode.swift; path = ViewModel.swift; sourceTree = "<group>"; };
		853A723A283D212E00B1A97F /* TimeAdapter.swift */ = {isa = PBXFileReference; lastKnownFileType = sourcecode.swift; path = TimeAdapter.swift; sourceTree = "<group>"; };
		C38D727E68DAD820FB692384 /* Pods_TetaLab_Test.framework */ = {isa = PBXFileReference; explicitFileType = wrapper.framework; includeInIndex = 0; path = Pods_TetaLab_Test.framework; sourceTree = BUILT_PRODUCTS_DIR; };
		E5168517F0D40327A59BEC66 /* Pods-TetaLab Test.release.xcconfig */ = {isa = PBXFileReference; includeInIndex = 1; lastKnownFileType = text.xcconfig; name = "Pods-TetaLab Test.release.xcconfig"; path = "Target Support Files/Pods-TetaLab Test/Pods-TetaLab Test.release.xcconfig"; sourceTree = "<group>"; };
/* End PBXFileReference section */

/* Begin PBXFrameworksBuildPhase section */
		853A721C283C245900B1A97F /* Frameworks */ = {
			isa = PBXFrameworksBuildPhase;
			buildActionMask = 2147483647;
			files = (
				9B4A7E00183878C5DC55CF3C /* Pods_TetaLab_Test.framework in Frameworks */,
			);
			runOnlyForDeploymentPostprocessing = 0;
		};
/* End PBXFrameworksBuildPhase section */

/* Begin PBXGroup section */
		853A7216283C245900B1A97F = {
			isa = PBXGroup;
			children = (
				853A7221283C245900B1A97F /* TetaLab Test */,
				853A7220283C245900B1A97F /* Products */,
				AD4D885FB121C9DD3B0BC768 /* Pods */,
				A72BC887B1217083AC0D7C03 /* Frameworks */,
			);
			sourceTree = "<group>";
		};
		853A7220283C245900B1A97F /* Products */ = {
			isa = PBXGroup;
			children = (
				853A721F283C245900B1A97F /* TetaLab Test.app */,
			);
			name = Products;
			sourceTree = "<group>";
		};
		853A7221283C245900B1A97F /* TetaLab Test */ = {
			isa = PBXGroup;
			children = (
				853A7230283C281A00B1A97F /* MainListCell.swift */,
				853A7232283CFBFD00B1A97F /* NetworkManager.swift */,
				853A7224283C245900B1A97F /* ContentView.swift */,
				853A7234283CFF5B00B1A97F /* DataModel.swift */,
				853A723A283D212E00B1A97F /* TimeAdapter.swift */,
				853A7238283D07F800B1A97F /* ViewModel.swift */,
				853A7226283C246100B1A97F /* Assets.xcassets */,
				853A7222283C245900B1A97F /* TetaLab_TestApp.swift */,
				853A7228283C246100B1A97F /* Preview Content */,
			);
			path = "TetaLab Test";
			sourceTree = "<group>";
		};
		853A7228283C246100B1A97F /* Preview Content */ = {
			isa = PBXGroup;
			children = (
				853A7229283C246100B1A97F /* Preview Assets.xcassets */,
			);
			path = "Preview Content";
			sourceTree = "<group>";
		};
		A72BC887B1217083AC0D7C03 /* Frameworks */ = {
			isa = PBXGroup;
			children = (
				C38D727E68DAD820FB692384 /* Pods_TetaLab_Test.framework */,
			);
			name = Frameworks;
			sourceTree = "<group>";
		};
		AD4D885FB121C9DD3B0BC768 /* Pods */ = {
			isa = PBXGroup;
			children = (
				05051263AF808FE50DAF7D63 /* Pods-TetaLab Test.debug.xcconfig */,
				E5168517F0D40327A59BEC66 /* Pods-TetaLab Test.release.xcconfig */,
			);
			path = Pods;
			sourceTree = "<group>";
		};
/* End PBXGroup section */

/* Begin PBXNativeTarget section */
		853A721E283C245900B1A97F /* TetaLab Test */ = {
			isa = PBXNativeTarget;
			buildConfigurationList = 853A722D283C246100B1A97F /* Build configuration list for PBXNativeTarget "TetaLab Test" */;
			buildPhases = (
				9474A6AEAA2B4AF2DCBEE811 /* [CP] Check Pods Manifest.lock */,
				853A721B283C245900B1A97F /* Sources */,
				853A721C283C245900B1A97F /* Frameworks */,
				853A721D283C245900B1A97F /* Resources */,
				6443597A67F80174E29EA467 /* [CP] Embed Pods Frameworks */,
			);
			buildRules = (
			);
			dependencies = (
			);
			name = "TetaLab Test";
			productName = "TetaLab Test";
			productReference = 853A721F283C245900B1A97F /* TetaLab Test.app */;
			productType = "com.apple.product-type.application";
		};
/* End PBXNativeTarget section */

/* Begin PBXProject section */
		853A7217283C245900B1A97F /* Project object */ = {
			isa = PBXProject;
			attributes = {
				BuildIndependentTargetsInParallel = 1;
				LastSwiftUpdateCheck = 1320;
				LastUpgradeCheck = 1320;
				TargetAttributes = {
					853A721E283C245900B1A97F = {
						CreatedOnToolsVersion = 13.2.1;
					};
				};
			};
			buildConfigurationList = 853A721A283C245900B1A97F /* Build configuration list for PBXProject "TetaLab Test" */;
			compatibilityVersion = "Xcode 13.0";
			developmentRegion = en;
			hasScannedForEncodings = 0;
			knownRegions = (
				en,
				Base,
			);
			mainGroup = 853A7216283C245900B1A97F;
			productRefGroup = 853A7220283C245900B1A97F /* Products */;
			projectDirPath = "";
			projectRoot = "";
			targets = (
				853A721E283C245900B1A97F /* TetaLab Test */,
			);
		};
/* End PBXProject section */

/* Begin PBXResourcesBuildPhase section */
		853A721D283C245900B1A97F /* Resources */ = {
			isa = PBXResourcesBuildPhase;
			buildActionMask = 2147483647;
			files = (
				853A722A283C246100B1A97F /* Preview Assets.xcassets in Resources */,
				853A7227283C246100B1A97F /* Assets.xcassets in Resources */,
			);
			runOnlyForDeploymentPostprocessing = 0;
		};
/* End PBXResourcesBuildPhase section */

/* Begin PBXShellScriptBuildPhase section */
		6443597A67F80174E29EA467 /* [CP] Embed Pods Frameworks */ = {
			isa = PBXShellScriptBuildPhase;
			buildActionMask = 2147483647;
			files = (
			);
			inputFileListPaths = (
				"${PODS_ROOT}/Target Support Files/Pods-TetaLab Test/Pods-TetaLab Test-frameworks-${CONFIGURATION}-input-files.xcfilelist",
			);
			name = "[CP] Embed Pods Frameworks";
			outputFileListPaths = (
				"${PODS_ROOT}/Target Support Files/Pods-TetaLab Test/Pods-TetaLab Test-frameworks-${CONFIGURATION}-output-files.xcfilelist",
			);
			runOnlyForDeploymentPostprocessing = 0;
			shellPath = /bin/sh;
			shellScript = "\"${PODS_ROOT}/Target Support Files/Pods-TetaLab Test/Pods-TetaLab Test-frameworks.sh\"\n";
			showEnvVarsInLog = 0;
		};
		9474A6AEAA2B4AF2DCBEE811 /* [CP] Check Pods Manifest.lock */ = {
			isa = PBXShellScriptBuildPhase;
			buildActionMask = 2147483647;
			files = (
			);
			inputFileListPaths = (
			);
			inputPaths = (
				"${PODS_PODFILE_DIR_PATH}/Podfile.lock",
				"${PODS_ROOT}/Manifest.lock",
			);
			name = "[CP] Check Pods Manifest.lock";
			outputFileListPaths = (
			);
			outputPaths = (
				"$(DERIVED_FILE_DIR)/Pods-TetaLab Test-checkManifestLockResult.txt",
			);
			runOnlyForDeploymentPostprocessing = 0;
			shellPath = /bin/sh;
			shellScript = "diff \"${PODS_PODFILE_DIR_PATH}/Podfile.lock\" \"${PODS_ROOT}/Manifest.lock\" > /dev/null\nif [ $? != 0 ] ; then\n    # print error to STDERR\n    echo \"error: The sandbox is not in sync with the Podfile.lock. Run 'pod install' or update your CocoaPods installation.\" >&2\n    exit 1\nfi\n# This output is used by Xcode 'outputs' to avoid re-running this script phase.\necho \"SUCCESS\" > \"${SCRIPT_OUTPUT_FILE_0}\"\n";
			showEnvVarsInLog = 0;
		};
/* End PBXShellScriptBuildPhase section */

/* Begin PBXSourcesBuildPhase section */
		853A721B283C245900B1A97F /* Sources */ = {
			isa = PBXSourcesBuildPhase;
			buildActionMask = 2147483647;
			files = (
				853A7235283CFF5B00B1A97F /* DataModel.swift in Sources */,
				853A7233283CFBFD00B1A97F /* NetworkManager.swift in Sources */,
				853A7231283C281A00B1A97F /* MainListCell.swift in Sources */,
				853A7225283C245900B1A97F /* ContentView.swift in Sources */,
				853A723B283D212E00B1A97F /* TimeAdapter.swift in Sources */,
				853A7239283D07F800B1A97F /* ViewModel.swift in Sources */,
				853A7223283C245900B1A97F /* TetaLab_TestApp.swift in Sources */,
			);
			runOnlyForDeploymentPostprocessing = 0;
		};
/* End PBXSourcesBuildPhase section */

/* Begin XCBuildConfiguration section */
		853A722B283C246100B1A97F /* Debug */ = {
			isa = XCBuildConfiguration;
			buildSettings = {
				ALWAYS_SEARCH_USER_PATHS = NO;
				CLANG_ANALYZER_NONNULL = YES;
				CLANG_ANALYZER_NUMBER_OBJECT_CONVERSION = YES_AGGRESSIVE;
				CLANG_CXX_LANGUAGE_STANDARD = "gnu++17";
				CLANG_CXX_LIBRARY = "libc++";
				CLANG_ENABLE_MODULES = YES;
				CLANG_ENABLE_OBJC_ARC = YES;
				CLANG_ENABLE_OBJC_WEAK = YES;
				CLANG_WARN_BLOCK_CAPTURE_AUTORELEASING = YES;
				CLANG_WARN_BOOL_CONVERSION = YES;
				CLANG_WARN_COMMA = YES;
				CLANG_WARN_CONSTANT_CONVERSION = YES;
				CLANG_WARN_DEPRECATED_OBJC_IMPLEMENTATIONS = YES;
				CLANG_WARN_DIRECT_OBJC_ISA_USAGE = YES_ERROR;
				CLANG_WARN_DOCUMENTATION_COMMENTS = YES;
				CLANG_WARN_EMPTY_BODY = YES;
				CLANG_WARN_ENUM_CONVERSION = YES;
				CLANG_WARN_INFINITE_RECURSION = YES;
				CLANG_WARN_INT_CONVERSION = YES;
				CLANG_WARN_NON_LITERAL_NULL_CONVERSION = YES;
				CLANG_WARN_OBJC_IMPLICIT_RETAIN_SELF = YES;
				CLANG_WARN_OBJC_LITERAL_CONVERSION = YES;
				CLANG_WARN_OBJC_ROOT_CLASS = YES_ERROR;
				CLANG_WARN_QUOTED_INCLUDE_IN_FRAMEWORK_HEADER = YES;
				CLANG_WARN_RANGE_LOOP_ANALYSIS = YES;
				CLANG_WARN_STRICT_PROTOTYPES = YES;
				CLANG_WARN_SUSPICIOUS_MOVE = YES;
				CLANG_WARN_UNGUARDED_AVAILABILITY = YES_AGGRESSIVE;
				CLANG_WARN_UNREACHABLE_CODE = YES;
				CLANG_WARN__DUPLICATE_METHOD_MATCH = YES;
				COPY_PHASE_STRIP = NO;
				DEBUG_INFORMATION_FORMAT = dwarf;
				ENABLE_STRICT_OBJC_MSGSEND = YES;
				ENABLE_TESTABILITY = YES;
				GCC_C_LANGUAGE_STANDARD = gnu11;
				GCC_DYNAMIC_NO_PIC = NO;
				GCC_NO_COMMON_BLOCKS = YES;
				GCC_OPTIMIZATION_LEVEL = 0;
				GCC_PREPROCESSOR_DEFINITIONS = (
					"DEBUG=1",
					"$(inherited)",
				);
				GCC_WARN_64_TO_32_BIT_CONVERSION = YES;
				GCC_WARN_ABOUT_RETURN_TYPE = YES_ERROR;
				GCC_WARN_UNDECLARED_SELECTOR = YES;
				GCC_WARN_UNINITIALIZED_AUTOS = YES_AGGRESSIVE;
				GCC_WARN_UNUSED_FUNCTION = YES;
				GCC_WARN_UNUSED_VARIABLE = YES;
				IPHONEOS_DEPLOYMENT_TARGET = 14.0;
				MTL_ENABLE_DEBUG_INFO = INCLUDE_SOURCE;
				MTL_FAST_MATH = YES;
				ONLY_ACTIVE_ARCH = YES;
				SDKROOT = iphoneos;
				SWIFT_ACTIVE_COMPILATION_CONDITIONS = DEBUG;
				SWIFT_OPTIMIZATION_LEVEL = "-Onone";
			};
			name = Debug;
		};
		853A722C283C246100B1A97F /* Release */ = {
			isa = XCBuildConfiguration;
			buildSettings = {
				ALWAYS_SEARCH_USER_PATHS = NO;
				CLANG_ANALYZER_NONNULL = YES;
				CLANG_ANALYZER_NUMBER_OBJECT_CONVERSION = YES_AGGRESSIVE;
				CLANG_CXX_LANGUAGE_STANDARD = "gnu++17";
				CLANG_CXX_LIBRARY = "libc++";
				CLANG_ENABLE_MODULES = YES;
				CLANG_ENABLE_OBJC_ARC = YES;
				CLANG_ENABLE_OBJC_WEAK = YES;
				CLANG_WARN_BLOCK_CAPTURE_AUTORELEASING = YES;
				CLANG_WARN_BOOL_CONVERSION = YES;
				CLANG_WARN_COMMA = YES;
				CLANG_WARN_CONSTANT_CONVERSION = YES;
				CLANG_WARN_DEPRECATED_OBJC_IMPLEMENTATIONS = YES;
				CLANG_WARN_DIRECT_OBJC_ISA_USAGE = YES_ERROR;
				CLANG_WARN_DOCUMENTATION_COMMENTS = YES;
				CLANG_WARN_EMPTY_BODY = YES;
				CLANG_WARN_ENUM_CONVERSION = YES;
				CLANG_WARN_INFINITE_RECURSION = YES;
				CLANG_WARN_INT_CONVERSION = YES;
				CLANG_WARN_NON_LITERAL_NULL_CONVERSION = YES;
				CLANG_WARN_OBJC_IMPLICIT_RETAIN_SELF = YES;
				CLANG_WARN_OBJC_LITERAL_CONVERSION = YES;
				CLANG_WARN_OBJC_ROOT_CLASS = YES_ERROR;
				CLANG_WARN_QUOTED_INCLUDE_IN_FRAMEWORK_HEADER = YES;
				CLANG_WARN_RANGE_LOOP_ANALYSIS = YES;
				CLANG_WARN_STRICT_PROTOTYPES = YES;
				CLANG_WARN_SUSPICIOUS_MOVE = YES;
				CLANG_WARN_UNGUARDED_AVAILABILITY = YES_AGGRESSIVE;
				CLANG_WARN_UNREACHABLE_CODE = YES;
				CLANG_WARN__DUPLICATE_METHOD_MATCH = YES;
				COPY_PHASE_STRIP = NO;
				DEBUG_INFORMATION_FORMAT = "dwarf-with-dsym";
				ENABLE_NS_ASSERTIONS = NO;
				ENABLE_STRICT_OBJC_MSGSEND = YES;
				GCC_C_LANGUAGE_STANDARD = gnu11;
				GCC_NO_COMMON_BLOCKS = YES;
				GCC_WARN_64_TO_32_BIT_CONVERSION = YES;
				GCC_WARN_ABOUT_RETURN_TYPE = YES_ERROR;
				GCC_WARN_UNDECLARED_SELECTOR = YES;
				GCC_WARN_UNINITIALIZED_AUTOS = YES_AGGRESSIVE;
				GCC_WARN_UNUSED_FUNCTION = YES;
				GCC_WARN_UNUSED_VARIABLE = YES;
				IPHONEOS_DEPLOYMENT_TARGET = 14.0;
				MTL_ENABLE_DEBUG_INFO = NO;
				MTL_FAST_MATH = YES;
				SDKROOT = iphoneos;
				SWIFT_COMPILATION_MODE = wholemodule;
				SWIFT_OPTIMIZATION_LEVEL = "-O";
				VALIDATE_PRODUCT = YES;
			};
			name = Release;
		};
		853A722E283C246100B1A97F /* Debug */ = {
			isa = XCBuildConfiguration;
			baseConfigurationReference = 05051263AF808FE50DAF7D63 /* Pods-TetaLab Test.debug.xcconfig */;
			buildSettings = {
				ASSETCATALOG_COMPILER_APPICON_NAME = AppIcon;
				ASSETCATALOG_COMPILER_GLOBAL_ACCENT_COLOR_NAME = AccentColor;
				CODE_SIGN_STYLE = Automatic;
				CURRENT_PROJECT_VERSION = 1;
				DEVELOPMENT_ASSET_PATHS = "\"TetaLab Test/Preview Content\"";
				DEVELOPMENT_TEAM = C2KAL8PR9X;
				ENABLE_PREVIEWS = YES;
				GENERATE_INFOPLIST_FILE = YES;
				INFOPLIST_KEY_UIApplicationSceneManifest_Generation = YES;
				INFOPLIST_KEY_UIApplicationSupportsIndirectInputEvents = YES;
				INFOPLIST_KEY_UILaunchScreen_Generation = YES;
				INFOPLIST_KEY_UISupportedInterfaceOrientations_iPad = "UIInterfaceOrientationPortrait UIInterfaceOrientationPortraitUpsideDown UIInterfaceOrientationLandscapeLeft UIInterfaceOrientationLandscapeRight";
				INFOPLIST_KEY_UISupportedInterfaceOrientations_iPhone = "UIInterfaceOrientationPortrait UIInterfaceOrientationLandscapeLeft UIInterfaceOrientationLandscapeRight";
				IPHONEOS_DEPLOYMENT_TARGET = 14.0;
				LD_RUNPATH_SEARCH_PATHS = (
					"$(inherited)",
					"@executable_path/Frameworks",
				);
				MARKETING_VERSION = 1.0;
				PRODUCT_BUNDLE_IDENTIFIER = "TestApp.TetaLab-Test";
				PRODUCT_NAME = "$(TARGET_NAME)";
				SWIFT_EMIT_LOC_STRINGS = YES;
				SWIFT_VERSION = 5.0;
				TARGETED_DEVICE_FAMILY = "1,2";
			};
			name = Debug;
		};
		853A722F283C246100B1A97F /* Release */ = {
			isa = XCBuildConfiguration;
			baseConfigurationReference = E5168517F0D40327A59BEC66 /* Pods-TetaLab Test.release.xcconfig */;
			buildSettings = {
				ASSETCATALOG_COMPILER_APPICON_NAME = AppIcon;
				ASSETCATALOG_COMPILER_GLOBAL_ACCENT_COLOR_NAME = AccentColor;
				CODE_SIGN_STYLE = Automatic;
				CURRENT_PROJECT_VERSION = 1;
				DEVELOPMENT_ASSET_PATHS = "\"TetaLab Test/Preview Content\"";
				DEVELOPMENT_TEAM = C2KAL8PR9X;
				ENABLE_PREVIEWS = YES;
				GENERATE_INFOPLIST_FILE = YES;
				INFOPLIST_KEY_UIApplicationSceneManifest_Generation = YES;
				INFOPLIST_KEY_UIApplicationSupportsIndirectInputEvents = YES;
				INFOPLIST_KEY_UILaunchScreen_Generation = YES;
				INFOPLIST_KEY_UISupportedInterfaceOrientations_iPad = "UIInterfaceOrientationPortrait UIInterfaceOrientationPortraitUpsideDown UIInterfaceOrientationLandscapeLeft UIInterfaceOrientationLandscapeRight";
				INFOPLIST_KEY_UISupportedInterfaceOrientations_iPhone = "UIInterfaceOrientationPortrait UIInterfaceOrientationLandscapeLeft UIInterfaceOrientationLandscapeRight";
				IPHONEOS_DEPLOYMENT_TARGET = 14.0;
				LD_RUNPATH_SEARCH_PATHS = (
					"$(inherited)",
					"@executable_path/Frameworks",
				);
				MARKETING_VERSION = 1.0;
				PRODUCT_BUNDLE_IDENTIFIER = "TestApp.TetaLab-Test";
				PRODUCT_NAME = "$(TARGET_NAME)";
				SWIFT_EMIT_LOC_STRINGS = YES;
				SWIFT_VERSION = 5.0;
				TARGETED_DEVICE_FAMILY = "1,2";
			};
			name = Release;
		};
/* End XCBuildConfiguration section */

/* Begin XCConfigurationList section */
		853A721A283C245900B1A97F /* Build configuration list for PBXProject "TetaLab Test" */ = {
			isa = XCConfigurationList;
			buildConfigurations = (
				853A722B283C246100B1A97F /* Debug */,
				853A722C283C246100B1A97F /* Release */,
			);
			defaultConfigurationIsVisible = 0;
			defaultConfigurationName = Release;
		};
		853A722D283C246100B1A97F /* Build configuration list for PBXNativeTarget "TetaLab Test" */ = {
			isa = XCConfigurationList;
			buildConfigurations = (
				853A722E283C246100B1A97F /* Debug */,
				853A722F283C246100B1A97F /* Release */,
			);
			defaultConfigurationIsVisible = 0;
			defaultConfigurationName = Release;
		};
/* End XCConfigurationList section */
	};
	rootObject = 853A7217283C245900B1A97F /* Project object */;
}
